
Microsoft Visual Studio Solution File, Format Version 12.00
# Visual Studio Version 17
VisualStudioVersion = 17.11.35312.102
MinimumVisualStudioVersion = 10.0.40219.1
Project("{FAE04EC0-301F-11D3-BF4B-00C04F79EFBC}") = "WinFormsApp6", "WinFormsApp6\WinFormsApp6.csproj", "{A9EADAA8-9D51-48D1-8372-5AA02AEC35C6}"
EndProject
Global
	GlobalSection(SolutionConfigurationPlatforms) = preSolution
		Debug|Any CPU = Debug|Any CPU
		Release|Any CPU = Release|Any CPU
	EndGlobalSection
	GlobalSection(ProjectConfigurationPlatforms) = postSolution
		{A9EADAA8-9D51-48D1-8372-5AA02AEC35C6}.Debug|Any CPU.ActiveCfg = Debug|Any CPU
		{A9EADAA8-9D51-48D1-8372-5AA02AEC35C6}.Debug|Any CPU.Build.0 = Debug|Any CPU
		{A9EADAA8-9D51-48D1-8372-5AA02AEC35C6}.Release|Any CPU.ActiveCfg = Release|Any CPU
		{A9EADAA8-9D51-48D1-8372-5AA02AEC35C6}.Release|Any CPU.Build.0 = Release|Any CPU
	EndGlobalSection
	GlobalSection(SolutionProperties) = preSolution
		HideSolutionNode = FALSE
	EndGlobalSection
	GlobalSection(ExtensibilityGlobals) = postSolution
		SolutionGuid = {473D359B-62C1-420D-B72F-F1E1DB5FD0B4}
	EndGlobalSection
EndGlobal
